<?xml version="1.0" encoding="utf-8"?>
<Project ToolsVersion="4.0" xmlns="http://schemas.microsoft.com/developer/msbuild/2003">
  <ItemGroup>
    <Filter Include="Source Files">
      <UniqueIdentifier>{4FC737F1-C7A5-4376-A066-2A32D752A2FF}</UniqueIdentifier>
      <Extensions>cpp;c;cc;cxx;def;odl;idl;hpj;bat;asm;asmx</Extensions>
    </Filter>
    <Filter Include="Header Files">
      <UniqueIdentifier>{93995380-89BD-4b04-88EB-625FBE52EBFB}</UniqueIdentifier>
      <Extensions>h;hh;hpp;hxx;hm;inl;inc;xsd</Extensions>
    </Filter>
    <Filter Include="Source Files\Sprites">
      <UniqueIdentifier>{d10372fb-f9be-494b-9e64-47fbec96a67e}</UniqueIdentifier>
    </Filter>
    <Filter Include="Source Files\States">
      <UniqueIdentifier>{0e327032-db2f-46ca-aafb-8cdd7c5d8bfe}</UniqueIdentifier>
    </Filter>
  </ItemGroup>
  <ItemGroup>
    <None Include="src\Makefile" />
  </ItemGroup>
  <ItemGroup>
    <ClCompile Include="src\SpriteBullet.c">
      <Filter>Source Files\Sprites</Filter>
    </ClCompile>
    <ClCompile Include="src\SpriteCeilingShooter.c">
      <Filter>Source Files\Sprites</Filter>
    </ClCompile>
    <ClCompile Include="src\SpriteEnemyBullet.c">
      <Filter>Source Files\Sprites</Filter>
    </ClCompile>
    <ClCompile Include="src\SpriteMushroom.c">
      <Filter>Source Files\Sprites</Filter>
    </ClCompile>
    <ClCompile Include="src\SpritePrincess.c">
      <Filter>Source Files\Sprites</Filter>
    </ClCompile>
    <ClCompile Include="src\SpriteShooter.c">
      <Filter>Source Files\Sprites</Filter>
    </ClCompile>
    <ClCompile Include="src\StateGame.c">
      <Filter>Source Files\States</Filter>
    </ClCompile>
    <ClCompile Include="src\StateMenu.c">
      <Filter>Source Files\States</Filter>
    </ClCompile>
    <ClCompile Include="src\SpriteEnemyParticle.c">
      <Filter>Source Files\Sprites</Filter>
    </ClCompile>
    <ClCompile Include="src\SpritePrincessParticle.c">
      <Filter>Source Files\Sprites</Filter>
    </ClCompile>
    <ClCompile Include="src\StateLiveLost.c">
      <Filter>Source Files\States</Filter>
    </ClCompile>
    <ClCompile Include="src\StateGameOver.c">
      <Filter>Source Files\States</Filter>
    </ClCompile>
    <ClCompile Include="src\StateStageIntro.c">
      <Filter>Source Files\States</Filter>
    </ClCompile>
    <ClCompile Include="src\StateWin.c">
      <Filter>Source Files\States</Filter>
    </ClCompile>
    <ClCompile Include="src\SpritePlatform.c">
      <Filter>Source Files\Sprites</Filter>
    </ClCompile>
    <ClCompile Include="src\SpriteFly.c">
      <Filter>Source Files\Sprites</Filter>
    </ClCompile>
    <ClCompile Include="src\SpriteRoller.c">
      <Filter>Source Files\Sprites</Filter>
    </ClCompile>
    <ClCompile Include="src\SpriteOvni.c">
      <Filter>Source Files\Sprites</Filter>
    </ClCompile>
    <ClCompile Include="src\SpriteMissile.c">
      <Filter>Source Files\Sprites</Filter>
    </ClCompile>
    <ClCompile Include="src\StateStageSelect.c">
      <Filter>Source Files\States</Filter>
    </ClCompile>
    <ClCompile Include="src\StateEnding.c">
      <Filter>Source Files\States</Filter>
    </ClCompile>
    <ClCompile Include="src\ZGBMain.c">
      <Filter>Source Files</Filter>
    </ClCompile>
  </ItemGroup>
  <ItemGroup>
    <ClInclude Include="include\ZGBMain.h">
      <Filter>Header Files</Filter>
    </ClInclude>
  </ItemGroup>
</Project>